
Microsoft Visual Studio Solution File, Format Version 11.00
# Visual Studio 2010
Project("{2857B73E-F847-4B02-9238-064979017E93}") = "BigNumber2", "BigNumber2\BigNumber2.cproj", "{C10FB289-E77E-4BFC-8413-CDBBA73911FA}"
EndProject
Project("{2857B73E-F847-4B02-9238-064979017E93}") = "Test", "Test\Test.cproj", "{DD7FFD75-1212-4ED7-857A-79F380C22396}"
EndProject
Global
	GlobalSection(SolutionConfigurationPlatforms) = preSolution
		Debug|Any CPU = Debug|Any CPU
		Release|Any CPU = Release|Any CPU
	EndGlobalSection
	GlobalSection(ProjectConfigurationPlatforms) = postSolution
		{C10FB289-E77E-4BFC-8413-CDBBA73911FA}.Debug|Any CPU.ActiveCfg = Debug|Any CPU
		{C10FB289-E77E-4BFC-8413-CDBBA73911FA}.Debug|Any CPU.Build.0 = Debug|Any CPU
		{C10FB289-E77E-4BFC-8413-CDBBA73911FA}.Release|Any CPU.ActiveCfg = Release|Any CPU
		{C10FB289-E77E-4BFC-8413-CDBBA73911FA}.Release|Any CPU.Build.0 = Release|Any CPU
		{DD7FFD75-1212-4ED7-857A-79F380C22396}.Debug|Any CPU.ActiveCfg = Debug|Any CPU
		{DD7FFD75-1212-4ED7-857A-79F380C22396}.Debug|Any CPU.Build.0 = Debug|Any CPU
		{DD7FFD75-1212-4ED7-857A-79F380C22396}.Release|Any CPU.ActiveCfg = Release|Any CPU
		{DD7FFD75-1212-4ED7-857A-79F380C22396}.Release|Any CPU.Build.0 = Release|Any CPU
	EndGlobalSection
	GlobalSection(MonoDevelopProperties) = preSolution
		StartupItem = Test\Test.cproj
	EndGlobalSection
EndGlobal
